
Microsoft Visual Studio Solution File, Format Version 12.00
# Visual Studio Version 17
VisualStudioVersion = 17.2.32616.157
MinimumVisualStudioVersion = 10.0.40219.1
Project("{FAE04EC0-301F-11D3-BF4B-00C04F79EFBC}") = "Websocket API", "Websocket API\Websocket API.csproj", "{F8C64C12-DECE-43C5-BE8B-AE358A4400E7}"
EndProject
Global
	GlobalSection(SolutionConfigurationPlatforms) = preSolution
		Debug|Any CPU = Debug|Any CPU
		Release|Any CPU = Release|Any CPU
	EndGlobalSection
	GlobalSection(ProjectConfigurationPlatforms) = postSolution
		{F8C64C12-DECE-43C5-BE8B-AE358A4400E7}.Debug|Any CPU.ActiveCfg = Debug|Any CPU
		{F8C64C12-DECE-43C5-BE8B-AE358A4400E7}.Debug|Any CPU.Build.0 = Debug|Any CPU
		{F8C64C12-DECE-43C5-BE8B-AE358A4400E7}.Release|Any CPU.ActiveCfg = Release|Any CPU
		{F8C64C12-DECE-43C5-BE8B-AE358A4400E7}.Release|Any CPU.Build.0 = Release|Any CPU
	EndGlobalSection
	GlobalSection(SolutionProperties) = preSolution
		HideSolutionNode = FALSE
	EndGlobalSection
	GlobalSection(ExtensibilityGlobals) = postSolution
		SolutionGuid = {5671A60F-11C5-43AE-A67D-1CECA43D268E}
	EndGlobalSection
EndGlobal
